
Microsoft Visual Studio Solution File, Format Version 12.00
# Visual Studio 15
VisualStudioVersion = 15.0.27130.2027
MinimumVisualStudioVersion = 10.0.40219.1
Project("{FAE04EC0-301F-11D3-BF4B-00C04F79EFBC}") = "E04-VenegasMedinaJoseAlfredo", "E04-VenegasMedinaJoseAlfredo\E04-VenegasMedinaJoseAlfredo.csproj", "{570BC8ED-0C7A-4E5D-BACF-89AAB528874D}"
EndProject
Global
	GlobalSection(SolutionConfigurationPlatforms) = preSolution
		Debug|Any CPU = Debug|Any CPU
		Release|Any CPU = Release|Any CPU
	EndGlobalSection
	GlobalSection(ProjectConfigurationPlatforms) = postSolution
		{570BC8ED-0C7A-4E5D-BACF-89AAB528874D}.Debug|Any CPU.ActiveCfg = Debug|Any CPU
		{570BC8ED-0C7A-4E5D-BACF-89AAB528874D}.Debug|Any CPU.Build.0 = Debug|Any CPU
		{570BC8ED-0C7A-4E5D-BACF-89AAB528874D}.Release|Any CPU.ActiveCfg = Release|Any CPU
		{570BC8ED-0C7A-4E5D-BACF-89AAB528874D}.Release|Any CPU.Build.0 = Release|Any CPU
	EndGlobalSection
	GlobalSection(SolutionProperties) = preSolution
		HideSolutionNode = FALSE
	EndGlobalSection
	GlobalSection(ExtensibilityGlobals) = postSolution
		SolutionGuid = {5E6E9EEB-DAC5-49CA-8220-038A11595A6F}
	EndGlobalSection
EndGlobal
